<?xml version="1.0" encoding="utf-8"?>
<Project ToolsVersion="4.0" xmlns="http://schemas.microsoft.com/developer/msbuild/2003">
  <ItemGroup>
    <Filter Include="Headers">
      <UniqueIdentifier>{0324f9c8-682b-49f6-8ffd-9fa341c351e5}</UniqueIdentifier>
    </Filter>
    <Filter Include="Implementation">
      <UniqueIdentifier>{26647411-58ae-4058-a186-f55f5aad9417}</UniqueIdentifier>
    </Filter>
    <Filter Include="Private Headers">
      <UniqueIdentifier>{c570735e-1a1a-4e86-b783-98c021477359}</UniqueIdentifier>
    </Filter>
  </ItemGroup>
  <ItemGroup>
    <ClCompile Include="src\ActorReader.cpp">
      <Filter>Implementation</Filter>
    </ClCompile>
    <ClCompile Include="src\Animation.cpp">
      <Filter>Implementation</Filter>
    </ClCompile>
    <ClCompile Include="src\AnimationInstance.cpp">
      <Filter>Implementation</Filter>
    </ClCompile>
    <ClCompile Include="src\AnimationPlayer.cpp">
      <Filter>Implementation</Filter>
    </ClCompile>
    <ClCompile Include="src\AnimationReader.cpp">
      <Filter>Implementation</Filter>
    </ClCompile>
    <ClCompile Include="src\Application.cpp">
      <Filter>Implementation</Filter>
    </ClCompile>
    <ClCompile Include="src\BasicMesh.cpp">
      <Filter>Implementation</Filter>
    </ClCompile>
    <ClCompile Include="src\Camera.cpp">
      <Filter>Implementation</Filter>
    </ClCompile>
    <ClCompile Include="src\Color.cpp">
      <Filter>Implementation</Filter>
    </ClCompile>
    <ClCompile Include="src\CrossObject.cpp">
      <Filter>Implementation</Filter>
    </ClCompile>
    <ClCompile Include="src\CSV.cpp">
      <Filter>Implementation</Filter>
    </ClCompile>
    <ClCompile Include="src\debugdraw.cpp">
      <Filter>Implementation</Filter>
    </ClCompile>
    <ClCompile Include="src\Entity.cpp">
      <Filter>Implementation</Filter>
    </ClCompile>
    <ClCompile Include="src\FileBuffer.cpp">
      <Filter>Implementation</Filter>
    </ClCompile>
    <ClCompile Include="src\Font.cpp">
      <Filter>Implementation</Filter>
    </ClCompile>
    <ClCompile Include="src\Grid.cpp">
      <Filter>Implementation</Filter>
    </ClCompile>
    <ClCompile Include="src\Indexer2d.cpp">
      <Filter>Implementation</Filter>
    </ClCompile>
    <ClCompile Include="src\IndexMesh.cpp">
      <Filter>Implementation</Filter>
    </ClCompile>
    <ClCompile Include="src\Log.cpp">
      <Filter>Implementation</Filter>
    </ClCompile>
    <ClCompile Include="src\maths.cpp">
      <Filter>Implementation</Filter>
    </ClCompile>
    <ClCompile Include="src\MeshRenderer.cpp">
      <Filter>Implementation</Filter>
    </ClCompile>
    <ClCompile Include="src\Module.cpp">
      <Filter>Implementation</Filter>
    </ClCompile>
    <ClCompile Include="src\MouseHandler.cpp">
      <Filter>Implementation</Filter>
    </ClCompile>
    <ClCompile Include="src\Name.cpp">
      <Filter>Implementation</Filter>
    </ClCompile>
    <ClCompile Include="src\Parse.cpp">
      <Filter>Implementation</Filter>
    </ClCompile>
    <ClCompile Include="src\ProjectionHelpers.cpp">
      <Filter>Implementation</Filter>
    </ClCompile>
    <ClCompile Include="src\Quadtree.cpp">
      <Filter>Implementation</Filter>
    </ClCompile>
    <ClCompile Include="src\Ray.cpp">
      <Filter>Implementation</Filter>
    </ClCompile>
    <ClCompile Include="src\RectObject.cpp">
      <Filter>Implementation</Filter>
    </ClCompile>
    <ClCompile Include="src\Sprite.cpp">
      <Filter>Implementation</Filter>
    </ClCompile>
    <ClCompile Include="src\SpriteRenderer.cpp">
      <Filter>Implementation</Filter>
    </ClCompile>
    <ClCompile Include="src\State.cpp">
      <Filter>Implementation</Filter>
    </ClCompile>
    <ClCompile Include="src\Text.cpp">
      <Filter>Implementation</Filter>
    </ClCompile>
    <ClCompile Include="src\TexturePack.cpp">
      <Filter>Implementation</Filter>
    </ClCompile>
    <ClCompile Include="src\Tweener.cpp">
      <Filter>Implementation</Filter>
    </ClCompile>
    <ClCompile Include="src\TweenVar.cpp">
      <Filter>Implementation</Filter>
    </ClCompile>
    <ClCompile Include="src\TweenVarPool.cpp">
      <Filter>Implementation</Filter>
    </ClCompile>
    <ClCompile Include="src\UIID.cpp">
      <Filter>Implementation</Filter>
    </ClCompile>
    <ClCompile Include="src\utils.cpp">
      <Filter>Implementation</Filter>
    </ClCompile>
    <ClCompile Include="src\AABB.cpp">
      <Filter>Implementation</Filter>
    </ClCompile>
    <ClCompile Include="src\ActorInstance.cpp">
      <Filter>Implementation</Filter>
    </ClCompile>
    <ClCompile Include="src\SDL\Audio.cpp">
      <Filter>Implementation</Filter>
    </ClCompile>
    <ClCompile Include="src\SDL\Device.cpp">
      <Filter>Implementation</Filter>
    </ClCompile>
    <ClCompile Include="src\SDL\File.cpp">
      <Filter>Implementation</Filter>
    </ClCompile>
    <ClCompile Include="src\SDL\Image.cpp">
      <Filter>Implementation</Filter>
    </ClCompile>
    <ClCompile Include="src\SDL\Input.cpp">
      <Filter>Implementation</Filter>
    </ClCompile>
    <ClCompile Include="src\SDL\InputImpl.cpp">
      <Filter>Implementation</Filter>
    </ClCompile>
    <ClCompile Include="src\SDL\KeyCode.cpp">
      <Filter>Implementation</Filter>
    </ClCompile>
    <ClCompile Include="src\SDL\Material.cpp">
      <Filter>Implementation</Filter>
    </ClCompile>
    <ClCompile Include="src\SDL\MaterialImpl.cpp">
      <Filter>Implementation</Filter>
    </ClCompile>
    <ClCompile Include="src\SDL\MouseButton.cpp">
      <Filter>Implementation</Filter>
    </ClCompile>
    <ClCompile Include="src\SDL\Renderer.cpp">
      <Filter>Implementation</Filter>
    </ClCompile>
    <ClCompile Include="src\SDL\Sample.cpp">
      <Filter>Implementation</Filter>
    </ClCompile>
    <ClCompile Include="src\SDL\Texture.cpp">
      <Filter>Implementation</Filter>
    </ClCompile>
    <ClCompile Include="src\SDL\TextureImpl.cpp">
      <Filter>Implementation</Filter>
    </ClCompile>
    <ClCompile Include="src\SDL\Timer.cpp">
      <Filter>Implementation</Filter>
    </ClCompile>
    <ClCompile Include="src\Worker.cpp">
      <Filter>Implementation</Filter>
    </ClCompile>
    <ClCompile Include="src\jsonutils.cpp">
      <Filter>Implementation</Filter>
    </ClCompile>
    <ClCompile Include="src\FloatBuffer.cpp">
      <Filter>Implementation</Filter>
    </ClCompile>
  </ItemGroup>
  <ItemGroup>
    <ClInclude Include="h\XR\Worker.hpp">
      <Filter>Headers</Filter>
    </ClInclude>
    <ClInclude Include="h\XR\AABB.hpp">
      <Filter>Headers</Filter>
    </ClInclude>
    <ClInclude Include="h\XR\Actor.hpp">
      <Filter>Headers</Filter>
    </ClInclude>
    <ClInclude Include="h\XR\ActorInstance.hpp">
      <Filter>Headers</Filter>
    </ClInclude>
    <ClInclude Include="h\XR\ActorReader.hpp">
      <Filter>Headers</Filter>
    </ClInclude>
    <ClInclude Include="h\XR\Animation.hpp">
      <Filter>Headers</Filter>
    </ClInclude>
    <ClInclude Include="h\XR\AnimationInstance.hpp">
      <Filter>Headers</Filter>
    </ClInclude>
    <ClInclude Include="h\XR\AnimationPlayer.hpp">
      <Filter>Headers</Filter>
    </ClInclude>
    <ClInclude Include="h\XR\AnimationReader.hpp">
      <Filter>Headers</Filter>
    </ClInclude>
    <ClInclude Include="h\XR\Application.hpp">
      <Filter>Headers</Filter>
    </ClInclude>
    <ClInclude Include="h\XR\Audio.hpp">
      <Filter>Headers</Filter>
    </ClInclude>
    <ClInclude Include="h\XR\BasicMesh.hpp">
      <Filter>Headers</Filter>
    </ClInclude>
    <ClInclude Include="h\XR\ButtonState.hpp">
      <Filter>Headers</Filter>
    </ClInclude>
    <ClInclude Include="h\XR\Camera.hpp">
      <Filter>Headers</Filter>
    </ClInclude>
    <ClInclude Include="h\XR\Collider.hpp">
      <Filter>Headers</Filter>
    </ClInclude>
    <ClInclude Include="h\XR\Color.hpp">
      <Filter>Headers</Filter>
    </ClInclude>
    <ClInclude Include="h\XR\CrossObject.hpp">
      <Filter>Headers</Filter>
    </ClInclude>
    <ClInclude Include="h\XR\CSV.hpp">
      <Filter>Headers</Filter>
    </ClInclude>
    <ClInclude Include="h\XR\debugdraw.hpp">
      <Filter>Headers</Filter>
    </ClInclude>
    <ClInclude Include="h\XR\Device.hpp">
      <Filter>Headers</Filter>
    </ClInclude>
    <ClInclude Include="h\XR\Entity.hpp">
      <Filter>Headers</Filter>
    </ClInclude>
    <ClInclude Include="h\XR\File.hpp">
      <Filter>Headers</Filter>
    </ClInclude>
    <ClInclude Include="h\XR\FileBuffer.hpp">
      <Filter>Headers</Filter>
    </ClInclude>
    <ClInclude Include="h\XR\fileutils.hpp">
      <Filter>Headers</Filter>
    </ClInclude>
    <ClInclude Include="h\XR\Font.hpp">
      <Filter>Headers</Filter>
    </ClInclude>
    <ClInclude Include="h\XR\Grid.hpp">
      <Filter>Headers</Filter>
    </ClInclude>
    <ClInclude Include="h\XR\HttpClient.hpp">
      <Filter>Headers</Filter>
    </ClInclude>
    <ClInclude Include="h\XR\Image.hpp">
      <Filter>Headers</Filter>
    </ClInclude>
    <ClInclude Include="h\XR\Indexer2d.hpp">
      <Filter>Headers</Filter>
    </ClInclude>
    <ClInclude Include="h\XR\IndexMesh.hpp">
      <Filter>Headers</Filter>
    </ClInclude>
    <ClInclude Include="h\XR\Input.hpp">
      <Filter>Headers</Filter>
    </ClInclude>
    <ClInclude Include="h\XR\KeyCode.hpp">
      <Filter>Headers</Filter>
    </ClInclude>
    <ClInclude Include="h\XR\Log.hpp">
      <Filter>Headers</Filter>
    </ClInclude>
    <ClInclude Include="h\XR\Material.hpp">
      <Filter>Headers</Filter>
    </ClInclude>
    <ClInclude Include="h\XR\maths.hpp">
      <Filter>Headers</Filter>
    </ClInclude>
    <ClInclude Include="h\XR\MeshRenderer.hpp">
      <Filter>Headers</Filter>
    </ClInclude>
    <ClInclude Include="h\XR\Module.hpp">
      <Filter>Headers</Filter>
    </ClInclude>
    <ClInclude Include="h\XR\MouseButton.hpp">
      <Filter>Headers</Filter>
    </ClInclude>
    <ClInclude Include="h\XR\MouseHandler.hpp">
      <Filter>Headers</Filter>
    </ClInclude>
    <ClInclude Include="h\XR\Name.hpp">
      <Filter>Headers</Filter>
    </ClInclude>
    <ClInclude Include="h\XR\Observer.hpp">
      <Filter>Headers</Filter>
    </ClInclude>
    <ClInclude Include="h\XR\Parse.hpp">
      <Filter>Headers</Filter>
    </ClInclude>
    <ClInclude Include="h\XR\PrimType.hpp">
      <Filter>Headers</Filter>
    </ClInclude>
    <ClInclude Include="h\XR\ProjectionHelpers.hpp">
      <Filter>Headers</Filter>
    </ClInclude>
    <ClInclude Include="h\XR\Quadtree.hpp">
      <Filter>Headers</Filter>
    </ClInclude>
    <ClInclude Include="h\XR\Ray.hpp">
      <Filter>Headers</Filter>
    </ClInclude>
    <ClInclude Include="h\XR\Rect.hpp">
      <Filter>Headers</Filter>
    </ClInclude>
    <ClInclude Include="h\XR\RectObject.hpp">
      <Filter>Headers</Filter>
    </ClInclude>
    <ClInclude Include="h\XR\Renderer.hpp">
      <Filter>Headers</Filter>
    </ClInclude>
    <ClInclude Include="h\XR\ResManager.hpp">
      <Filter>Headers</Filter>
    </ClInclude>
    <ClInclude Include="h\XR\Sample.hpp">
      <Filter>Headers</Filter>
    </ClInclude>
    <ClInclude Include="h\XR\SampleFormat.hpp">
      <Filter>Headers</Filter>
    </ClInclude>
    <ClInclude Include="h\XR\Sprite.hpp">
      <Filter>Headers</Filter>
    </ClInclude>
    <ClInclude Include="h\XR\SpriteRenderer.hpp">
      <Filter>Headers</Filter>
    </ClInclude>
    <ClInclude Include="h\XR\Squared.hpp">
      <Filter>Headers</Filter>
    </ClInclude>
    <ClInclude Include="h\XR\State.hpp">
      <Filter>Headers</Filter>
    </ClInclude>
    <ClInclude Include="h\XR\Text.hpp">
      <Filter>Headers</Filter>
    </ClInclude>
    <ClInclude Include="h\XR\Texture.hpp">
      <Filter>Headers</Filter>
    </ClInclude>
    <ClInclude Include="h\XR\TexturePack.hpp">
      <Filter>Headers</Filter>
    </ClInclude>
    <ClInclude Include="h\XR\Timer.hpp">
      <Filter>Headers</Filter>
    </ClInclude>
    <ClInclude Include="h\XR\Tweener.hpp">
      <Filter>Headers</Filter>
    </ClInclude>
    <ClInclude Include="h\XR\TweenVar.hpp">
      <Filter>Headers</Filter>
    </ClInclude>
    <ClInclude Include="h\XR\TweenVarPool.hpp">
      <Filter>Headers</Filter>
    </ClInclude>
    <ClInclude Include="h\XR\UIID.hpp">
      <Filter>Headers</Filter>
    </ClInclude>
    <ClInclude Include="h\XR\SVector2.hpp">
      <Filter>Headers</Filter>
    </ClInclude>
    <ClInclude Include="h\XR\Vector2.hpp">
      <Filter>Headers</Filter>
    </ClInclude>
    <ClInclude Include="h\XR\Vector3.hpp">
      <Filter>Headers</Filter>
    </ClInclude>
    <ClInclude Include="h\XR\Matrix.hpp">
      <Filter>Headers</Filter>
    </ClInclude>
    <ClInclude Include="h\XR\Quaternion.hpp">
      <Filter>Headers</Filter>
    </ClInclude>
    <ClInclude Include="h\XR\jsonutils.hpp">
      <Filter>Headers</Filter>
    </ClInclude>
    <ClInclude Include="h\XR\FloatBuffer.hpp">
      <Filter>Headers</Filter>
    </ClInclude>
    <ClInclude Include="h\XR\Mat4x4Helper.hpp">
      <Filter>Headers</Filter>
    </ClInclude>
    <ClInclude Include="h\XR\SDL\MaterialImpl.hpp">
      <Filter>Private Headers</Filter>
    </ClInclude>
    <ClInclude Include="h\XR\SDL\xrgl.hpp">
      <Filter>Private Headers</Filter>
    </ClInclude>
    <ClInclude Include="h\XR\SDL\InputImpl.hpp">
      <Filter>Private Headers</Filter>
    </ClInclude>
    <ClInclude Include="h\XR\SDL\RenderingResource.hpp">
      <Filter>Private Headers</Filter>
    </ClInclude>
    <ClInclude Include="h\XR\SDL\TextureImpl.hpp">
      <Filter>Private Headers</Filter>
    </ClInclude>
    <ClInclude Include="h\XR\utils.hpp">
      <Filter>Headers</Filter>
    </ClInclude>
  </ItemGroup>
</Project>