<?xml version="1.0" encoding="utf-8"?>
<Project ToolsVersion="4.0" xmlns="http://schemas.microsoft.com/developer/msbuild/2003">
  <ItemGroup>
    <Filter Include="Headers">
      <UniqueIdentifier>{93995380-89BD-4b04-88EB-625FBE52EBFB}</UniqueIdentifier>
      <Extensions>h;hh;hpp;hxx;hm;inl;inc;xsd</Extensions>
    </Filter>
    <Filter Include="Implementation">
      <UniqueIdentifier>{4FC737F1-C7A5-4376-A066-2A32D752A2FF}</UniqueIdentifier>
      <Extensions>cpp;c;cc;cxx;def;odl;idl;hpj;bat;asm;asmx</Extensions>
    </Filter>
  </ItemGroup>
  <ItemGroup>
    <ClInclude Include="h\XR\json.hpp">
      <Filter>Headers</Filter>
    </ClInclude>
    <ClInclude Include="h\XR\JsonEntity.hpp">
      <Filter>Headers</Filter>
    </ClInclude>
    <ClInclude Include="h\XR\JsonParser.hpp">
      <Filter>Headers</Filter>
    </ClInclude>
    <ClInclude Include="h\XR\JsonReader.hpp">
      <Filter>Headers</Filter>
    </ClInclude>
    <ClInclude Include="h\XR\JsonWriter.hpp">
      <Filter>Headers</Filter>
    </ClInclude>
  </ItemGroup>
  <ItemGroup>
    <ClCompile Include="src\json.cpp">
      <Filter>Implementation</Filter>
    </ClCompile>
    <ClCompile Include="src\JsonEntity.cpp">
      <Filter>Implementation</Filter>
    </ClCompile>
    <ClCompile Include="src\JsonParser.cpp">
      <Filter>Implementation</Filter>
    </ClCompile>
    <ClCompile Include="src\JsonReader.cpp">
      <Filter>Implementation</Filter>
    </ClCompile>
    <ClCompile Include="src\JsonWriter.cpp">
      <Filter>Implementation</Filter>
    </ClCompile>
  </ItemGroup>
</Project>